// !$*UTF8*$!
{
	archiveVersion = 1;
	classes = {
	};
	objectVersion = 50;
	objects = {

/* Begin PBXBuildFile section */
		9B6D8D492453C1FF00D2F4AC /* RepositoryCell.swift in Sources */ = {isa = PBXBuildFile; fileRef = 9B6D8D482453C1FF00D2F4AC /* RepositoryCell.swift */; };
		9B6D8D4B24565AA800D2F4AC /* RepositoryManager.swift in Sources */ = {isa = PBXBuildFile; fileRef = 9B6D8D4A24565AA800D2F4AC /* RepositoryManager.swift */; };
		9B6D8D4F24565D6000D2F4AC /* RepoDetailView.swift in Sources */ = {isa = PBXBuildFile; fileRef = 9B6D8D4E24565D6000D2F4AC /* RepoDetailView.swift */; };
		9B6D8D532456777500D2F4AC /* CommitListView.swift in Sources */ = {isa = PBXBuildFile; fileRef = 9B6D8D522456777500D2F4AC /* CommitListView.swift */; };
		9B6D8D5524576FF300D2F4AC /* CommitCell.swift in Sources */ = {isa = PBXBuildFile; fileRef = 9B6D8D5424576FF300D2F4AC /* CommitCell.swift */; };
		B49A42B924394C0A00AD8BFE /* AppDelegate.swift in Sources */ = {isa = PBXBuildFile; fileRef = B49A42B824394C0A00AD8BFE /* AppDelegate.swift */; };
		B49A42BB24394C0A00AD8BFE /* SceneDelegate.swift in Sources */ = {isa = PBXBuildFile; fileRef = B49A42BA24394C0A00AD8BFE /* SceneDelegate.swift */; };
		B49A42BD24394C0A00AD8BFE /* RepoListView.swift in Sources */ = {isa = PBXBuildFile; fileRef = B49A42BC24394C0A00AD8BFE /* RepoListView.swift */; };
		B49A42BF24394C0C00AD8BFE /* Assets.xcassets in Resources */ = {isa = PBXBuildFile; fileRef = B49A42BE24394C0C00AD8BFE /* Assets.xcassets */; };
		B49A42C224394C0C00AD8BFE /* Preview Assets.xcassets in Resources */ = {isa = PBXBuildFile; fileRef = B49A42C124394C0C00AD8BFE /* Preview Assets.xcassets */; };
		B49A42C524394C0C00AD8BFE /* LaunchScreen.storyboard in Resources */ = {isa = PBXBuildFile; fileRef = B49A42C324394C0C00AD8BFE /* LaunchScreen.storyboard */; };
		B49A42CE24394D8300AD8BFE /* kmp_lib_sample.framework in Frameworks */ = {isa = PBXBuildFile; fileRef = B49A42CD24394D8300AD8BFE /* kmp_lib_sample.framework */; };
		B49A42CF24394D8300AD8BFE /* kmp_lib_sample.framework in Embed Frameworks */ = {isa = PBXBuildFile; fileRef = B49A42CD24394D8300AD8BFE /* kmp_lib_sample.framework */; settings = {ATTRIBUTES = (CodeSignOnCopy, RemoveHeadersOnCopy, ); }; };
		B49A42D324395DB600AD8BFE /* .gitignore in Resources */ = {isa = PBXBuildFile; fileRef = B49A42D224395DB600AD8BFE /* .gitignore */; };
/* End PBXBuildFile section */

/* Begin PBXCopyFilesBuildPhase section */
		B49A42D024394D8300AD8BFE /* Embed Frameworks */ = {
			isa = PBXCopyFilesBuildPhase;
			buildActionMask = 2147483647;
			dstPath = "";
			dstSubfolderSpec = 10;
			files = (
				B49A42CF24394D8300AD8BFE /* kmp_lib_sample.framework in Embed Frameworks */,
			);
			name = "Embed Frameworks";
			runOnlyForDeploymentPostprocessing = 0;
		};
/* End PBXCopyFilesBuildPhase section */

/* Begin PBXFileReference section */
		9B6D8D482453C1FF00D2F4AC /* RepositoryCell.swift */ = {isa = PBXFileReference; lastKnownFileType = sourcecode.swift; path = RepositoryCell.swift; sourceTree = "<group>"; };
		9B6D8D4A24565AA800D2F4AC /* RepositoryManager.swift */ = {isa = PBXFileReference; lastKnownFileType = sourcecode.swift; path = RepositoryManager.swift; sourceTree = "<group>"; };
		9B6D8D4E24565D6000D2F4AC /* RepoDetailView.swift */ = {isa = PBXFileReference; lastKnownFileType = sourcecode.swift; path = RepoDetailView.swift; sourceTree = "<group>"; };
		9B6D8D522456777500D2F4AC /* CommitListView.swift */ = {isa = PBXFileReference; lastKnownFileType = sourcecode.swift; path = CommitListView.swift; sourceTree = "<group>"; };
		9B6D8D5424576FF300D2F4AC /* CommitCell.swift */ = {isa = PBXFileReference; lastKnownFileType = sourcecode.swift; path = CommitCell.swift; sourceTree = "<group>"; };
		B49A42B524394C0A00AD8BFE /* kmp-ios-app.app */ = {isa = PBXFileReference; explicitFileType = wrapper.application; includeInIndex = 0; path = "kmp-ios-app.app"; sourceTree = BUILT_PRODUCTS_DIR; };
		B49A42B824394C0A00AD8BFE /* AppDelegate.swift */ = {isa = PBXFileReference; lastKnownFileType = sourcecode.swift; path = AppDelegate.swift; sourceTree = "<group>"; };
		B49A42BA24394C0A00AD8BFE /* SceneDelegate.swift */ = {isa = PBXFileReference; lastKnownFileType = sourcecode.swift; path = SceneDelegate.swift; sourceTree = "<group>"; };
		B49A42BC24394C0A00AD8BFE /* RepoListView.swift */ = {isa = PBXFileReference; lastKnownFileType = sourcecode.swift; path = RepoListView.swift; sourceTree = "<group>"; };
		B49A42BE24394C0C00AD8BFE /* Assets.xcassets */ = {isa = PBXFileReference; lastKnownFileType = folder.assetcatalog; path = Assets.xcassets; sourceTree = "<group>"; };
		B49A42C124394C0C00AD8BFE /* Preview Assets.xcassets */ = {isa = PBXFileReference; lastKnownFileType = folder.assetcatalog; path = "Preview Assets.xcassets"; sourceTree = "<group>"; };
		B49A42C424394C0C00AD8BFE /* Base */ = {isa = PBXFileReference; lastKnownFileType = file.storyboard; name = Base; path = Base.lproj/LaunchScreen.storyboard; sourceTree = "<group>"; };
		B49A42C624394C0C00AD8BFE /* Info.plist */ = {isa = PBXFileReference; lastKnownFileType = text.plist.xml; path = Info.plist; sourceTree = "<group>"; };
		B49A42CD24394D8300AD8BFE /* kmp_lib_sample.framework */ = {isa = PBXFileReference; lastKnownFileType = wrapper.framework; name = kmp_lib_sample.framework; path = "../kmp-lib-sample/build/xcode-frameworks/kmp_lib_sample.framework"; sourceTree = "<group>"; };
		B49A42D224395DB600AD8BFE /* .gitignore */ = {isa = PBXFileReference; lastKnownFileType = text; path = .gitignore; sourceTree = "<group>"; };
/* End PBXFileReference section */

/* Begin PBXFrameworksBuildPhase section */
		B49A42B224394C0900AD8BFE /* Frameworks */ = {
			isa = PBXFrameworksBuildPhase;
			buildActionMask = 2147483647;
			files = (
				B49A42CE24394D8300AD8BFE /* kmp_lib_sample.framework in Frameworks */,
			);
			runOnlyForDeploymentPostprocessing = 0;
		};
/* End PBXFrameworksBuildPhase section */

/* Begin PBXGroup section */
		B49A42AC24394C0900AD8BFE = {
			isa = PBXGroup;
			children = (
				B49A42D224395DB600AD8BFE /* .gitignore */,
				B49A42B724394C0A00AD8BFE /* kmp-ios-app */,
				B49A42B624394C0A00AD8BFE /* Products */,
				B49A42CC24394D8300AD8BFE /* Frameworks */,
			);
			sourceTree = "<group>";
		};
		B49A42B624394C0A00AD8BFE /* Products */ = {
			isa = PBXGroup;
			children = (
				B49A42B524394C0A00AD8BFE /* kmp-ios-app.app */,
			);
			name = Products;
			sourceTree = "<group>";
		};
		B49A42B724394C0A00AD8BFE /* kmp-ios-app */ = {
			isa = PBXGroup;
			children = (
				B49A42B824394C0A00AD8BFE /* AppDelegate.swift */,
				9B6D8D522456777500D2F4AC /* CommitListView.swift */,
				9B6D8D5424576FF300D2F4AC /* CommitCell.swift */,
				B49A42BA24394C0A00AD8BFE /* SceneDelegate.swift */,
				B49A42BC24394C0A00AD8BFE /* RepoListView.swift */,
				9B6D8D4E24565D6000D2F4AC /* RepoDetailView.swift */,
				9B6D8D482453C1FF00D2F4AC /* RepositoryCell.swift */,
				9B6D8D4A24565AA800D2F4AC /* RepositoryManager.swift */,
				B49A42BE24394C0C00AD8BFE /* Assets.xcassets */,
				B49A42C324394C0C00AD8BFE /* LaunchScreen.storyboard */,
				B49A42C624394C0C00AD8BFE /* Info.plist */,
				B49A42C024394C0C00AD8BFE /* Preview Content */,
			);
			path = "kmp-ios-app";
			sourceTree = "<group>";
		};
		B49A42C024394C0C00AD8BFE /* Preview Content */ = {
			isa = PBXGroup;
			children = (
				B49A42C124394C0C00AD8BFE /* Preview Assets.xcassets */,
			);
			path = "Preview Content";
			sourceTree = "<group>";
		};
		B49A42CC24394D8300AD8BFE /* Frameworks */ = {
			isa = PBXGroup;
			children = (
				B49A42CD24394D8300AD8BFE /* kmp_lib_sample.framework */,
			);
			name = Frameworks;
			sourceTree = "<group>";
		};
/* End PBXGroup section */

/* Begin PBXNativeTarget section */
		B49A42B424394C0900AD8BFE /* kmp-ios-app */ = {
			isa = PBXNativeTarget;
			buildConfigurationList = B49A42C924394C0C00AD8BFE /* Build configuration list for PBXNativeTarget "kmp-ios-app" */;
			buildPhases = (
				B49A42D124394E6500AD8BFE /* ShellScript */,
				B49A42B124394C0900AD8BFE /* Sources */,
				B49A42B224394C0900AD8BFE /* Frameworks */,
				B49A42B324394C0900AD8BFE /* Resources */,
				B49A42D024394D8300AD8BFE /* Embed Frameworks */,
			);
			buildRules = (
			);
			dependencies = (
			);
			name = "kmp-ios-app";
			productName = "kmp-ios-app";
			productReference = B49A42B524394C0A00AD8BFE /* kmp-ios-app.app */;
			productType = "com.apple.product-type.application";
		};
/* End PBXNativeTarget section */

/* Begin PBXProject section */
		B49A42AD24394C0900AD8BFE /* Project object */ = {
			isa = PBXProject;
			attributes = {
				LastSwiftUpdateCheck = 1130;
				LastUpgradeCheck = 1130;
				TargetAttributes = {
					B49A42B424394C0900AD8BFE = {
						CreatedOnToolsVersion = 11.3.1;
					};
				};
			};
			buildConfigurationList = B49A42B024394C0900AD8BFE /* Build configuration list for PBXProject "kmp-ios-app" */;
			compatibilityVersion = "Xcode 9.3";
			developmentRegion = en;
			hasScannedForEncodings = 0;
			knownRegions = (
				en,
				Base,
			);
			mainGroup = B49A42AC24394C0900AD8BFE;
			productRefGroup = B49A42B624394C0A00AD8BFE /* Products */;
			projectDirPath = "";
			projectRoot = "";
			targets = (
				B49A42B424394C0900AD8BFE /* kmp-ios-app */,
			);
		};
/* End PBXProject section */

/* Begin PBXResourcesBuildPhase section */
		B49A42B324394C0900AD8BFE /* Resources */ = {
			isa = PBXResourcesBuildPhase;
			buildActionMask = 2147483647;
			files = (
				B49A42D324395DB600AD8BFE /* .gitignore in Resources */,
				B49A42C524394C0C00AD8BFE /* LaunchScreen.storyboard in Resources */,
				B49A42C224394C0C00AD8BFE /* Preview Assets.xcassets in Resources */,
				B49A42BF24394C0C00AD8BFE /* Assets.xcassets in Resources */,
			);
			runOnlyForDeploymentPostprocessing = 0;
		};
/* End PBXResourcesBuildPhase section */

/* Begin PBXShellScriptBuildPhase section */
		B49A42D124394E6500AD8BFE /* ShellScript */ = {
			isa = PBXShellScriptBuildPhase;
			buildActionMask = 2147483647;
			files = (
			);
			inputFileListPaths = (
			);
			inputPaths = (
			);
			outputFileListPaths = (
			);
			outputPaths = (
			);
			runOnlyForDeploymentPostprocessing = 0;
			shellPath = /bin/sh;
			shellScript = "cd \"$SRCROOT/../kmp-lib-sample/build/xcode-frameworks\"\n./gradlew :multiplatform:kmp-lib-sample:copyFramework\n";
		};
/* End PBXShellScriptBuildPhase section */

/* Begin PBXSourcesBuildPhase section */
		B49A42B124394C0900AD8BFE /* Sources */ = {
			isa = PBXSourcesBuildPhase;
			buildActionMask = 2147483647;
			files = (
				B49A42B924394C0A00AD8BFE /* AppDelegate.swift in Sources */,
				B49A42BB24394C0A00AD8BFE /* SceneDelegate.swift in Sources */,
				9B6D8D492453C1FF00D2F4AC /* RepositoryCell.swift in Sources */,
				9B6D8D4F24565D6000D2F4AC /* RepoDetailView.swift in Sources */,
				9B6D8D5524576FF300D2F4AC /* CommitCell.swift in Sources */,
				B49A42BD24394C0A00AD8BFE /* RepoListView.swift in Sources */,
				9B6D8D532456777500D2F4AC /* CommitListView.swift in Sources */,
				9B6D8D4B24565AA800D2F4AC /* RepositoryManager.swift in Sources */,
			);
			runOnlyForDeploymentPostprocessing = 0;
		};
/* End PBXSourcesBuildPhase section */

/* Begin PBXVariantGroup section */
		B49A42C324394C0C00AD8BFE /* LaunchScreen.storyboard */ = {
			isa = PBXVariantGroup;
			children = (
				B49A42C424394C0C00AD8BFE /* Base */,
			);
			name = LaunchScreen.storyboard;
			sourceTree = "<group>";
		};
/* End PBXVariantGroup section */

/* Begin XCBuildConfiguration section */
		B49A42C724394C0C00AD8BFE /* Debug */ = {
			isa = XCBuildConfiguration;
			buildSettings = {
				ALWAYS_SEARCH_USER_PATHS = NO;
				CLANG_ANALYZER_NONNULL = YES;
				CLANG_ANALYZER_NUMBER_OBJECT_CONVERSION = YES_AGGRESSIVE;
				CLANG_CXX_LANGUAGE_STANDARD = "gnu++14";
				CLANG_CXX_LIBRARY = "libc++";
				CLANG_ENABLE_MODULES = YES;
				CLANG_ENABLE_OBJC_ARC = YES;
				CLANG_ENABLE_OBJC_WEAK = YES;
				CLANG_WARN_BLOCK_CAPTURE_AUTORELEASING = YES;
				CLANG_WARN_BOOL_CONVERSION = YES;
				CLANG_WARN_COMMA = YES;
				CLANG_WARN_CONSTANT_CONVERSION = YES;
				CLANG_WARN_DEPRECATED_OBJC_IMPLEMENTATIONS = YES;
				CLANG_WARN_DIRECT_OBJC_ISA_USAGE = YES_ERROR;
				CLANG_WARN_DOCUMENTATION_COMMENTS = YES;
				CLANG_WARN_EMPTY_BODY = YES;
				CLANG_WARN_ENUM_CONVERSION = YES;
				CLANG_WARN_INFINITE_RECURSION = YES;
				CLANG_WARN_INT_CONVERSION = YES;
				CLANG_WARN_NON_LITERAL_NULL_CONVERSION = YES;
				CLANG_WARN_OBJC_IMPLICIT_RETAIN_SELF = YES;
				CLANG_WARN_OBJC_LITERAL_CONVERSION = YES;
				CLANG_WARN_OBJC_ROOT_CLASS = YES_ERROR;
				CLANG_WARN_RANGE_LOOP_ANALYSIS = YES;
				CLANG_WARN_STRICT_PROTOTYPES = YES;
				CLANG_WARN_SUSPICIOUS_MOVE = YES;
				CLANG_WARN_UNGUARDED_AVAILABILITY = YES_AGGRESSIVE;
				CLANG_WARN_UNREACHABLE_CODE = YES;
				CLANG_WARN__DUPLICATE_METHOD_MATCH = YES;
				COPY_PHASE_STRIP = NO;
				DEBUG_INFORMATION_FORMAT = dwarf;
				ENABLE_STRICT_OBJC_MSGSEND = YES;
				ENABLE_TESTABILITY = YES;
				GCC_C_LANGUAGE_STANDARD = gnu11;
				GCC_DYNAMIC_NO_PIC = NO;
				GCC_NO_COMMON_BLOCKS = YES;
				GCC_OPTIMIZATION_LEVEL = 0;
				GCC_PREPROCESSOR_DEFINITIONS = (
					"DEBUG=1",
					"$(inherited)",
				);
				GCC_WARN_64_TO_32_BIT_CONVERSION = YES;
				GCC_WARN_ABOUT_RETURN_TYPE = YES_ERROR;
				GCC_WARN_UNDECLARED_SELECTOR = YES;
				GCC_WARN_UNINITIALIZED_AUTOS = YES_AGGRESSIVE;
				GCC_WARN_UNUSED_FUNCTION = YES;
				GCC_WARN_UNUSED_VARIABLE = YES;
				IPHONEOS_DEPLOYMENT_TARGET = 13.2;
				MTL_ENABLE_DEBUG_INFO = INCLUDE_SOURCE;
				MTL_FAST_MATH = YES;
				ONLY_ACTIVE_ARCH = YES;
				SDKROOT = iphoneos;
				SWIFT_ACTIVE_COMPILATION_CONDITIONS = DEBUG;
				SWIFT_OPTIMIZATION_LEVEL = "-Onone";
			};
			name = Debug;
		};
		B49A42C824394C0C00AD8BFE /* Release */ = {
			isa = XCBuildConfiguration;
			buildSettings = {
				ALWAYS_SEARCH_USER_PATHS = NO;
				CLANG_ANALYZER_NONNULL = YES;
				CLANG_ANALYZER_NUMBER_OBJECT_CONVERSION = YES_AGGRESSIVE;
				CLANG_CXX_LANGUAGE_STANDARD = "gnu++14";
				CLANG_CXX_LIBRARY = "libc++";
				CLANG_ENABLE_MODULES = YES;
				CLANG_ENABLE_OBJC_ARC = YES;
				CLANG_ENABLE_OBJC_WEAK = YES;
				CLANG_WARN_BLOCK_CAPTURE_AUTORELEASING = YES;
				CLANG_WARN_BOOL_CONVERSION = YES;
				CLANG_WARN_COMMA = YES;
				CLANG_WARN_CONSTANT_CONVERSION = YES;
				CLANG_WARN_DEPRECATED_OBJC_IMPLEMENTATIONS = YES;
				CLANG_WARN_DIRECT_OBJC_ISA_USAGE = YES_ERROR;
				CLANG_WARN_DOCUMENTATION_COMMENTS = YES;
				CLANG_WARN_EMPTY_BODY = YES;
				CLANG_WARN_ENUM_CONVERSION = YES;
				CLANG_WARN_INFINITE_RECURSION = YES;
				CLANG_WARN_INT_CONVERSION = YES;
				CLANG_WARN_NON_LITERAL_NULL_CONVERSION = YES;
				CLANG_WARN_OBJC_IMPLICIT_RETAIN_SELF = YES;
				CLANG_WARN_OBJC_LITERAL_CONVERSION = YES;
				CLANG_WARN_OBJC_ROOT_CLASS = YES_ERROR;
				CLANG_WARN_RANGE_LOOP_ANALYSIS = YES;
				CLANG_WARN_STRICT_PROTOTYPES = YES;
				CLANG_WARN_SUSPICIOUS_MOVE = YES;
				CLANG_WARN_UNGUARDED_AVAILABILITY = YES_AGGRESSIVE;
				CLANG_WARN_UNREACHABLE_CODE = YES;
				CLANG_WARN__DUPLICATE_METHOD_MATCH = YES;
				COPY_PHASE_STRIP = NO;
				DEBUG_INFORMATION_FORMAT = "dwarf-with-dsym";
				ENABLE_NS_ASSERTIONS = NO;
				ENABLE_STRICT_OBJC_MSGSEND = YES;
				GCC_C_LANGUAGE_STANDARD = gnu11;
				GCC_NO_COMMON_BLOCKS = YES;
				GCC_WARN_64_TO_32_BIT_CONVERSION = YES;
				GCC_WARN_ABOUT_RETURN_TYPE = YES_ERROR;
				GCC_WARN_UNDECLARED_SELECTOR = YES;
				GCC_WARN_UNINITIALIZED_AUTOS = YES_AGGRESSIVE;
				GCC_WARN_UNUSED_FUNCTION = YES;
				GCC_WARN_UNUSED_VARIABLE = YES;
				IPHONEOS_DEPLOYMENT_TARGET = 13.2;
				MTL_ENABLE_DEBUG_INFO = NO;
				MTL_FAST_MATH = YES;
				SDKROOT = iphoneos;
				SWIFT_COMPILATION_MODE = wholemodule;
				SWIFT_OPTIMIZATION_LEVEL = "-O";
				VALIDATE_PRODUCT = YES;
			};
			name = Release;
		};
		B49A42CA24394C0C00AD8BFE /* Debug */ = {
			isa = XCBuildConfiguration;
			buildSettings = {
				ASSETCATALOG_COMPILER_APPICON_NAME = AppIcon;
				CODE_SIGN_STYLE = Automatic;
				DEVELOPMENT_ASSET_PATHS = "\"kmp-ios-app/Preview Content\"";
				ENABLE_PREVIEWS = YES;
				FRAMEWORK_SEARCH_PATHS = "$(SRCROOT)/../kmp-lib-sample/build/xcode-frameworks";
				INFOPLIST_FILE = "kmp-ios-app/Info.plist";
				LD_RUNPATH_SEARCH_PATHS = (
					"$(inherited)",
					"@executable_path/Frameworks",
				);
				PRODUCT_BUNDLE_IDENTIFIER = "com.apollographql.apollo3.kmp-ios-app";
				PRODUCT_NAME = "$(TARGET_NAME)";
				SWIFT_VERSION = 5.0;
				TARGETED_DEVICE_FAMILY = "1,2";
			};
			name = Debug;
		};
		B49A42CB24394C0C00AD8BFE /* Release */ = {
			isa = XCBuildConfiguration;
			buildSettings = {
				ASSETCATALOG_COMPILER_APPICON_NAME = AppIcon;
				CODE_SIGN_STYLE = Automatic;
				DEVELOPMENT_ASSET_PATHS = "\"kmp-ios-app/Preview Content\"";
				ENABLE_PREVIEWS = YES;
				FRAMEWORK_SEARCH_PATHS = "$(SRCROOT)/../kmp-lib-sample/build/xcode-frameworks";
				INFOPLIST_FILE = "kmp-ios-app/Info.plist";
				LD_RUNPATH_SEARCH_PATHS = (
					"$(inherited)",
					"@executable_path/Frameworks",
				);
				PRODUCT_BUNDLE_IDENTIFIER = "com.apollographql.apollo3.kmp-ios-app";
				PRODUCT_NAME = "$(TARGET_NAME)";
				SWIFT_VERSION = 5.0;
				TARGETED_DEVICE_FAMILY = "1,2";
			};
			name = Release;
		};
/* End XCBuildConfiguration section */

/* Begin XCConfigurationList section */
		B49A42B024394C0900AD8BFE /* Build configuration list for PBXProject "kmp-ios-app" */ = {
			isa = XCConfigurationList;
			buildConfigurations = (
				B49A42C724394C0C00AD8BFE /* Debug */,
				B49A42C824394C0C00AD8BFE /* Release */,
			);
			defaultConfigurationIsVisible = 0;
			defaultConfigurationName = Release;
		};
		B49A42C924394C0C00AD8BFE /* Build configuration list for PBXNativeTarget "kmp-ios-app" */ = {
			isa = XCConfigurationList;
			buildConfigurations = (
				B49A42CA24394C0C00AD8BFE /* Debug */,
				B49A42CB24394C0C00AD8BFE /* Release */,
			);
			defaultConfigurationIsVisible = 0;
			defaultConfigurationName = Release;
		};
/* End XCConfigurationList section */
	};
	rootObject = B49A42AD24394C0900AD8BFE /* Project object */;
}
