{
  "name": "apollo-kotlin",
  "version": "5.0.2-SNAPSHOT",
  "lockfileVersion": 3,
  "requires": true,
  "packages": {
    "": {
      "name": "apollo-kotlin",
      "version": "5.0.2-SNAPSHOT",
      "workspaces": [
        "packages/apollo-kotlin-apollo-annotations",
        "packages/apollo-kotlin-apollo-annotations-test",
        "packages/apollo-kotlin-apollo-api",
        "packages/apollo-kotlin-apollo-api-test",
        "packages/apollo-kotlin-apollo-ast",
        "packages/apollo-kotlin-apollo-ast-test",
        "packages/apollo-kotlin-apollo-engine-tests",
        "packages/apollo-kotlin-apollo-engine-tests-test",
        "packages/apollo-kotlin-apollo-execution",
        "packages/apollo-kotlin-apollo-execution-test",
        "packages/apollo-kotlin-apollo-mpp-utils",
        "packages/apollo-kotlin-apollo-mpp-utils-test",
        "packages/apollo-kotlin-apollo-normalized-cache",
        "packages/apollo-kotlin-apollo-normalized-cache-test",
        "packages/apollo-kotlin-apollo-normalized-cache-api",
        "packages/apollo-kotlin-apollo-normalized-cache-api-test",
        "packages/apollo-kotlin-apollo-runtime",
        "packages/apollo-kotlin-apollo-runtime-test",
        "packages/apollo-kotlin-apollo-testing-support",
        "packages/apollo-kotlin-apollo-testing-support-test",
        "packages/apollo-kotlin-apollo-testing-support-internal",
        "packages/apollo-kotlin-apollo-testing-support-internal-test"
      ],
      "devDependencies": {}
    },
    "node_modules/apollo-kotlin-apollo-annotations": {
      "resolved": "packages/apollo-kotlin-apollo-annotations",
      "link": true
    },
    "node_modules/apollo-kotlin-apollo-annotations-test": {
      "resolved": "packages/apollo-kotlin-apollo-annotations-test",
      "link": true
    },
    "node_modules/apollo-kotlin-apollo-api": {
      "resolved": "packages/apollo-kotlin-apollo-api",
      "link": true
    },
    "node_modules/apollo-kotlin-apollo-api-test": {
      "resolved": "packages/apollo-kotlin-apollo-api-test",
      "link": true
    },
    "node_modules/apollo-kotlin-apollo-ast": {
      "resolved": "packages/apollo-kotlin-apollo-ast",
      "link": true
    },
    "node_modules/apollo-kotlin-apollo-ast-test": {
      "resolved": "packages/apollo-kotlin-apollo-ast-test",
      "link": true
    },
    "node_modules/apollo-kotlin-apollo-engine-tests": {
      "resolved": "packages/apollo-kotlin-apollo-engine-tests",
      "link": true
    },
    "node_modules/apollo-kotlin-apollo-engine-tests-test": {
      "resolved": "packages/apollo-kotlin-apollo-engine-tests-test",
      "link": true
    },
    "node_modules/apollo-kotlin-apollo-execution": {
      "resolved": "packages/apollo-kotlin-apollo-execution",
      "link": true
    },
    "node_modules/apollo-kotlin-apollo-execution-test": {
      "resolved": "packages/apollo-kotlin-apollo-execution-test",
      "link": true
    },
    "node_modules/apollo-kotlin-apollo-mpp-utils": {
      "resolved": "packages/apollo-kotlin-apollo-mpp-utils",
      "link": true
    },
    "node_modules/apollo-kotlin-apollo-mpp-utils-test": {
      "resolved": "packages/apollo-kotlin-apollo-mpp-utils-test",
      "link": true
    },
    "node_modules/apollo-kotlin-apollo-normalized-cache": {
      "resolved": "packages/apollo-kotlin-apollo-normalized-cache",
      "link": true
    },
    "node_modules/apollo-kotlin-apollo-normalized-cache-api": {
      "resolved": "packages/apollo-kotlin-apollo-normalized-cache-api",
      "link": true
    },
    "node_modules/apollo-kotlin-apollo-normalized-cache-api-test": {
      "resolved": "packages/apollo-kotlin-apollo-normalized-cache-api-test",
      "link": true
    },
    "node_modules/apollo-kotlin-apollo-normalized-cache-test": {
      "resolved": "packages/apollo-kotlin-apollo-normalized-cache-test",
      "link": true
    },
    "node_modules/apollo-kotlin-apollo-runtime": {
      "resolved": "packages/apollo-kotlin-apollo-runtime",
      "link": true
    },
    "node_modules/apollo-kotlin-apollo-runtime-test": {
      "resolved": "packages/apollo-kotlin-apollo-runtime-test",
      "link": true
    },
    "node_modules/apollo-kotlin-apollo-testing-support": {
      "resolved": "packages/apollo-kotlin-apollo-testing-support",
      "link": true
    },
    "node_modules/apollo-kotlin-apollo-testing-support-internal": {
      "resolved": "packages/apollo-kotlin-apollo-testing-support-internal",
      "link": true
    },
    "node_modules/apollo-kotlin-apollo-testing-support-internal-test": {
      "resolved": "packages/apollo-kotlin-apollo-testing-support-internal-test",
      "link": true
    },
    "node_modules/apollo-kotlin-apollo-testing-support-test": {
      "resolved": "packages/apollo-kotlin-apollo-testing-support-test",
      "link": true
    },
    "packages/apollo-kotlin-apollo-annotations": {
      "version": "5.0.2-SNAPSHOT",
      "devDependencies": {}
    },
    "packages/apollo-kotlin-apollo-annotations-test": {
      "version": "5.0.2-SNAPSHOT",
      "devDependencies": {}
    },
    "packages/apollo-kotlin-apollo-api": {
      "version": "5.0.2-SNAPSHOT",
      "devDependencies": {}
    },
    "packages/apollo-kotlin-apollo-api-test": {
      "version": "5.0.2-SNAPSHOT",
      "devDependencies": {}
    },
    "packages/apollo-kotlin-apollo-ast": {
      "version": "5.0.2-SNAPSHOT",
      "devDependencies": {}
    },
    "packages/apollo-kotlin-apollo-ast-test": {
      "version": "5.0.2-SNAPSHOT",
      "devDependencies": {}
    },
    "packages/apollo-kotlin-apollo-engine-tests": {
      "version": "5.0.2-SNAPSHOT",
      "devDependencies": {}
    },
    "packages/apollo-kotlin-apollo-engine-tests-test": {
      "version": "5.0.2-SNAPSHOT",
      "devDependencies": {}
    },
    "packages/apollo-kotlin-apollo-execution": {
      "version": "5.0.2-SNAPSHOT",
      "devDependencies": {}
    },
    "packages/apollo-kotlin-apollo-execution-test": {
      "version": "5.0.2-SNAPSHOT",
      "devDependencies": {}
    },
    "packages/apollo-kotlin-apollo-mpp-utils": {
      "version": "5.0.2-SNAPSHOT",
      "devDependencies": {}
    },
    "packages/apollo-kotlin-apollo-mpp-utils-test": {
      "version": "5.0.2-SNAPSHOT",
      "devDependencies": {}
    },
    "packages/apollo-kotlin-apollo-normalized-cache": {
      "version": "5.0.2-SNAPSHOT",
      "devDependencies": {}
    },
    "packages/apollo-kotlin-apollo-normalized-cache-api": {
      "version": "5.0.2-SNAPSHOT",
      "devDependencies": {}
    },
    "packages/apollo-kotlin-apollo-normalized-cache-api-test": {
      "version": "5.0.2-SNAPSHOT",
      "devDependencies": {}
    },
    "packages/apollo-kotlin-apollo-normalized-cache-test": {
      "version": "5.0.2-SNAPSHOT",
      "devDependencies": {}
    },
    "packages/apollo-kotlin-apollo-runtime": {
      "version": "5.0.2-SNAPSHOT",
      "devDependencies": {}
    },
    "packages/apollo-kotlin-apollo-runtime-test": {
      "version": "5.0.2-SNAPSHOT",
      "devDependencies": {}
    },
    "packages/apollo-kotlin-apollo-testing-support": {
      "version": "5.0.2-SNAPSHOT",
      "devDependencies": {}
    },
    "packages/apollo-kotlin-apollo-testing-support-internal": {
      "version": "5.0.2-SNAPSHOT",
      "devDependencies": {}
    },
    "packages/apollo-kotlin-apollo-testing-support-internal-test": {
      "version": "5.0.2-SNAPSHOT",
      "devDependencies": {}
    },
    "packages/apollo-kotlin-apollo-testing-support-test": {
      "version": "5.0.2-SNAPSHOT",
      "devDependencies": {}
    }
  }
}
