{
  "name": "apollo-tests",
  "version": "unspecified",
  "lockfileVersion": 3,
  "requires": true,
  "packages": {
    "": {
      "name": "apollo-tests",
      "version": "unspecified",
      "workspaces": [
        "packages/apollo-tests-browser-tests",
        "packages/apollo-tests-browser-tests-test",
        "packages_imported/apollo-kotlin-apollo-runtime/5.0.0-alpha.5-SNAPSHOT"
      ],
      "dependencies": {
        "1": "^0.1.2",
        "network": "^0.7.0"
      },
      "devDependencies": {}
    },
    "node_modules/1": {
      "version": "0.1.2",
      "resolved": "https://registry.npmjs.org/1/-/1-0.1.2.tgz",
      "integrity": "sha512-IPhsmGsZoQtPHGw5p+KEOqw5+u5AYYHeerS20n+h96LaoPqgFY5qWne8lwWnT/sYtFhHXyH0OPGQcJGfriWmJw==",
      "license": "MIT",
      "dependencies": {
        "async": "~0.1.22",
        "mdns2": "~2.1.3",
        "mout": "~0.2.0",
        "node-uuid": "~1.4.0",
        "zmq": "~2.4.0"
      }
    },
    "node_modules/apollo-kotlin-apollo-runtime": {
      "resolved": "packages_imported/apollo-kotlin-apollo-runtime/5.0.0-alpha.5-SNAPSHOT",
      "link": true
    },
    "node_modules/apollo-tests-browser-tests": {
      "resolved": "packages/apollo-tests-browser-tests",
      "link": true
    },
    "node_modules/apollo-tests-browser-tests-test": {
      "resolved": "packages/apollo-tests-browser-tests-test",
      "link": true
    },
    "node_modules/async": {
      "version": "0.1.22"
    },
    "node_modules/commander": {
      "version": "2.9.0",
      "license": "MIT",
      "dependencies": {
        "graceful-readlink": ">= 1.0.0"
      },
      "engines": {
        "node": ">= 0.6.x"
      }
    },
    "node_modules/graceful-readlink": {
      "version": "1.0.1",
      "license": "MIT"
    },
    "node_modules/iconv-lite": {
      "version": "0.6.3",
      "license": "MIT",
      "dependencies": {
        "safer-buffer": ">= 2.1.2 < 3.0.0"
      },
      "engines": {
        "node": ">=0.10.0"
      }
    },
    "node_modules/mdns2": {
      "version": "2.1.4"
    },
    "node_modules/mout": {
      "version": "0.2.0"
    },
    "node_modules/needle": {
      "version": "3.3.1",
      "license": "MIT",
      "dependencies": {
        "iconv-lite": "^0.6.3",
        "sax": "^1.2.4"
      },
      "bin": {
        "needle": "bin/needle"
      },
      "engines": {
        "node": ">= 4.4.x"
      }
    },
    "node_modules/network": {
      "version": "0.7.0",
      "resolved": "https://registry.npmjs.org/network/-/network-0.7.0.tgz",
      "integrity": "sha512-AquYHEZFrPi1WPaMg+21iTKN7aMERP70frgK41lbTt/9tTQcwgaOtlqHRmVbxJjWYWJy033jUbA8xXhFArXodw==",
      "license": "MIT",
      "dependencies": {
        "async": "^1.5.2",
        "commander": "2.9.0",
        "needle": "^3.0.0",
        "wmic": "^1.0.1"
      },
      "bin": {
        "network": "bin/network"
      }
    },
    "node_modules/network/node_modules/async": {
      "version": "1.5.2",
      "license": "MIT"
    },
    "node_modules/node-uuid": {
      "version": "1.4.8",
      "bin": {
        "uuid": "bin/uuid"
      }
    },
    "node_modules/safer-buffer": {
      "version": "2.1.2",
      "license": "MIT"
    },
    "node_modules/sax": {
      "version": "1.4.1",
      "license": "ISC"
    },
    "node_modules/wmic": {
      "version": "1.1.1",
      "license": "MIT",
      "dependencies": {
        "async": "^3.2.0",
        "iconv-lite": "^0.5.0"
      }
    },
    "node_modules/wmic/node_modules/async": {
      "version": "3.2.6",
      "license": "MIT"
    },
    "node_modules/wmic/node_modules/iconv-lite": {
      "version": "0.5.2",
      "license": "MIT",
      "dependencies": {
        "safer-buffer": ">= 2.1.2 < 3"
      },
      "engines": {
        "node": ">=0.10.0"
      }
    },
    "node_modules/zmq": {
      "version": "2.4.0",
      "engines": {
        "node": ">=0.7.9"
      }
    },
    "packages_imported/apollo-kotlin-apollo-runtime/5.0.0-alpha.3-SNAPSHOT": {
      "name": "apollo-kotlin-apollo-runtime",
      "version": "5.0.0-alpha.3-SNAPSHOT",
      "extraneous": true,
      "devDependencies": {}
    },
    "packages_imported/apollo-kotlin-apollo-runtime/5.0.0-alpha.4-SNAPSHOT": {
      "name": "apollo-kotlin-apollo-runtime",
      "version": "5.0.0-alpha.4-SNAPSHOT",
      "extraneous": true,
      "devDependencies": {}
    },
    "packages_imported/apollo-kotlin-apollo-runtime/5.0.0-alpha.5-SNAPSHOT": {
      "name": "apollo-kotlin-apollo-runtime",
      "version": "5.0.0-alpha.5-SNAPSHOT",
      "devDependencies": {}
    },
    "packages/apollo-tests-browser-tests": {
      "version": "0.0.0-unspecified",
      "devDependencies": {}
    },
    "packages/apollo-tests-browser-tests-test": {
      "version": "0.0.0-unspecified",
      "devDependencies": {}
    }
  }
}
