{
  "name": "apollo-tests",
  "version": "unspecified",
  "lockfileVersion": 3,
  "requires": true,
  "packages": {
    "": {
      "name": "apollo-tests",
      "version": "unspecified",
      "workspaces": [
        "packages/apollo-tests-browser-tests",
        "packages/apollo-tests-browser-tests-test",
        "packages_imported/apollo-kotlin-apollo-runtime/5.0.2-SNAPSHOT"
      ],
      "devDependencies": {}
    },
    "node_modules/apollo-kotlin-apollo-runtime": {
      "resolved": "packages_imported/apollo-kotlin-apollo-runtime/5.0.2-SNAPSHOT",
      "link": true
    },
    "node_modules/apollo-tests-browser-tests": {
      "resolved": "packages/apollo-tests-browser-tests",
      "link": true
    },
    "node_modules/apollo-tests-browser-tests-test": {
      "resolved": "packages/apollo-tests-browser-tests-test",
      "link": true
    },
    "packages_imported/apollo-kotlin-apollo-runtime/5.0.0-alpha.5-SNAPSHOT": {
      "name": "apollo-kotlin-apollo-runtime",
      "version": "5.0.0-alpha.5-SNAPSHOT",
      "extraneous": true,
      "devDependencies": {}
    },
    "packages_imported/apollo-kotlin-apollo-runtime/5.0.0-alpha.6-SNAPSHOT": {
      "name": "apollo-kotlin-apollo-runtime",
      "version": "5.0.0-alpha.6-SNAPSHOT",
      "extraneous": true,
      "devDependencies": {}
    },
    "packages_imported/apollo-kotlin-apollo-runtime/5.0.0-alpha.7-SNAPSHOT": {
      "name": "apollo-kotlin-apollo-runtime",
      "version": "5.0.0-alpha.7-SNAPSHOT",
      "extraneous": true,
      "devDependencies": {}
    },
    "packages_imported/apollo-kotlin-apollo-runtime/5.0.0-alpha.8-SNAPSHOT": {
      "name": "apollo-kotlin-apollo-runtime",
      "version": "5.0.0-alpha.8-SNAPSHOT",
      "extraneous": true,
      "devDependencies": {}
    },
    "packages_imported/apollo-kotlin-apollo-runtime/5.0.0-rc.0-SNAPSHOT": {
      "name": "apollo-kotlin-apollo-runtime",
      "version": "5.0.0-rc.0-SNAPSHOT",
      "extraneous": true,
      "devDependencies": {}
    },
    "packages_imported/apollo-kotlin-apollo-runtime/5.0.0-rc.1-SNAPSHOT": {
      "name": "apollo-kotlin-apollo-runtime",
      "version": "5.0.0-rc.1-SNAPSHOT",
      "extraneous": true,
      "devDependencies": {}
    },
    "packages_imported/apollo-kotlin-apollo-runtime/5.0.0-rc.2-SNAPSHOT": {
      "name": "apollo-kotlin-apollo-runtime",
      "version": "5.0.0-rc.2-SNAPSHOT",
      "extraneous": true,
      "devDependencies": {}
    },
    "packages_imported/apollo-kotlin-apollo-runtime/5.0.0-SNAPSHOT": {
      "name": "apollo-kotlin-apollo-runtime",
      "version": "5.0.0-SNAPSHOT",
      "extraneous": true,
      "devDependencies": {}
    },
    "packages_imported/apollo-kotlin-apollo-runtime/5.0.1-SNAPSHOT": {
      "name": "apollo-kotlin-apollo-runtime",
      "version": "5.0.1-SNAPSHOT",
      "extraneous": true,
      "devDependencies": {}
    },
    "packages_imported/apollo-kotlin-apollo-runtime/5.0.2-SNAPSHOT": {
      "name": "apollo-kotlin-apollo-runtime",
      "version": "5.0.2-SNAPSHOT",
      "devDependencies": {}
    },
    "packages/apollo-tests-browser-tests": {
      "version": "0.0.0-unspecified",
      "devDependencies": {}
    },
    "packages/apollo-tests-browser-tests-test": {
      "version": "0.0.0-unspecified",
      "devDependencies": {}
    }
  }
}
